{
  "requires": true,
  "lockfileVersion": 1,
  "dependencies": {
    "buefy": {
      "version": "0.8.5",
      "resolved": "https://registry.npmjs.org/buefy/-/buefy-0.8.5.tgz",
      "integrity": "sha512-yGQUhIsZWTodCx1rpfDTA32v5OjILpDIDAP+X6KoE6du3F3EZwJ/k5aT8D6Ba6AxNzVdDa2M7f0hzMddLbm38A==",
      "requires": {
        "bulma": "0.7.5"
      }
    },
    "bulma": {
      "version": "0.7.5",
      "resolved": "https://registry.npmjs.org/bulma/-/bulma-0.7.5.tgz",
      "integrity": "sha512-cX98TIn0I6sKba/DhW0FBjtaDpxTelU166pf7ICXpCCuplHWyu6C9LYZmL5PEsnePIeJaiorsTEzzNk3Tsm1hw=="
    },
    "vue": {
      "version": "2.6.10",
      "resolved": "https://registry.npmjs.org/vue/-/vue-2.6.10.tgz",
      "integrity": "sha512-ImThpeNU9HbdZL3utgMCq0oiMzAkt1mcgy3/E6zWC/G6AaQoeuFdsl9nDhTDU3X1R6FK7nsIUuRACVcjI+A2GQ=="
    }
  }
}
